
Microsoft Visual Studio Solution File, Format Version 12.00
# Visual Studio Version 17
VisualStudioVersion = 17.11.35222.181
MinimumVisualStudioVersion = 10.0.40219.1
Project("{8BC9CEB8-8B4A-11D0-8D11-00A0C91BC942}") = "WebSocketClient", "WebSocketClient\WebSocketClient.vcxproj", "{2DABE0D6-2A3F-47CA-8B1E-211E0EBDB959}"
EndProject
Global
	GlobalSection(SolutionConfigurationPlatforms) = preSolution
		Debug|x64 = Debug|x64
		Release|x64 = Release|x64
	EndGlobalSection
	GlobalSection(ProjectConfigurationPlatforms) = postSolution
		{2DABE0D6-2A3F-47CA-8B1E-211E0EBDB959}.Debug|x64.ActiveCfg = Debug|x64
		{2DABE0D6-2A3F-47CA-8B1E-211E0EBDB959}.Debug|x64.Build.0 = Debug|x64
		{2DABE0D6-2A3F-47CA-8B1E-211E0EBDB959}.Release|x64.ActiveCfg = Release|x64
		{2DABE0D6-2A3F-47CA-8B1E-211E0EBDB959}.Release|x64.Build.0 = Release|x64
	EndGlobalSection
	GlobalSection(SolutionProperties) = preSolution
		HideSolutionNode = FALSE
	EndGlobalSection
	GlobalSection(ExtensibilityGlobals) = postSolution
		SolutionGuid = {04F12ED5-E56B-409A-863D-A5F94953F103}
	EndGlobalSection
EndGlobal
